
Microsoft Visual Studio Solution File, Format Version 12.00
# Visual Studio 15
VisualStudioVersion = 15.0.27130.2010
MinimumVisualStudioVersion = 10.0.40219.1
Project("{FAE04EC0-301F-11D3-BF4B-00C04F79EFBC}") = "WebScraper1", "WebScraper1\WebScraper1.csproj", "{44152E13-11AF-4732-9B50-615A4054D199}"
EndProject
Global
	GlobalSection(SolutionConfigurationPlatforms) = preSolution
		Debug|Any CPU = Debug|Any CPU
		Release|Any CPU = Release|Any CPU
	EndGlobalSection
	GlobalSection(ProjectConfigurationPlatforms) = postSolution
		{44152E13-11AF-4732-9B50-615A4054D199}.Debug|Any CPU.ActiveCfg = Debug|Any CPU
		{44152E13-11AF-4732-9B50-615A4054D199}.Debug|Any CPU.Build.0 = Debug|Any CPU
		{44152E13-11AF-4732-9B50-615A4054D199}.Release|Any CPU.ActiveCfg = Release|Any CPU
		{44152E13-11AF-4732-9B50-615A4054D199}.Release|Any CPU.Build.0 = Release|Any CPU
	EndGlobalSection
	GlobalSection(SolutionProperties) = preSolution
		HideSolutionNode = FALSE
	EndGlobalSection
	GlobalSection(ExtensibilityGlobals) = postSolution
		SolutionGuid = {EFF4B6ED-D4A1-4109-8AE2-E0CB5A1845F4}
	EndGlobalSection
EndGlobal
